
Microsoft Visual Studio Solution File, Format Version 12.00
# Visual Studio 15
VisualStudioVersion = 15.0.26127.3
MinimumVisualStudioVersion = 10.0.40219.1
Project("{FAE04EC0-301F-11D3-BF4B-00C04F79EFBC}") = "QMFinVioData", "QMFinVioData\QMFinVioData.csproj", "{A447193A-1801-49A9-A24B-6A542DF30874}"
EndProject
Project("{FAE04EC0-301F-11D3-BF4B-00C04F79EFBC}") = "FinVolTest", "FinVolTest\FinVolTest.csproj", "{76C311E1-A651-4210-B86D-995503E45972}"
EndProject
Global
	GlobalSection(SolutionConfigurationPlatforms) = preSolution
		Debug|Any CPU = Debug|Any CPU
		Release|Any CPU = Release|Any CPU
	EndGlobalSection
	GlobalSection(ProjectConfigurationPlatforms) = postSolution
		{A447193A-1801-49A9-A24B-6A542DF30874}.Debug|Any CPU.ActiveCfg = Debug|Any CPU
		{A447193A-1801-49A9-A24B-6A542DF30874}.Debug|Any CPU.Build.0 = Debug|Any CPU
		{A447193A-1801-49A9-A24B-6A542DF30874}.Release|Any CPU.ActiveCfg = Release|Any CPU
		{A447193A-1801-49A9-A24B-6A542DF30874}.Release|Any CPU.Build.0 = Release|Any CPU
		{76C311E1-A651-4210-B86D-995503E45972}.Debug|Any CPU.ActiveCfg = Debug|Any CPU
		{76C311E1-A651-4210-B86D-995503E45972}.Debug|Any CPU.Build.0 = Debug|Any CPU
		{76C311E1-A651-4210-B86D-995503E45972}.Release|Any CPU.ActiveCfg = Release|Any CPU
		{76C311E1-A651-4210-B86D-995503E45972}.Release|Any CPU.Build.0 = Release|Any CPU
	EndGlobalSection
	GlobalSection(SolutionProperties) = preSolution
		HideSolutionNode = FALSE
	EndGlobalSection
EndGlobal
